
Microsoft Visual Studio Solution File, Format Version 12.00
# Visual Studio Version 16
VisualStudioVersion = 16.0.31613.86
MinimumVisualStudioVersion = 10.0.40219.1
Project("{FAE04EC0-301F-11D3-BF4B-00C04F79EFBC}") = "automatic-idle-task-processor", "automatic-idle-task-processor.csproj", "{39BF636D-EE00-41F9-9F66-15577A2A8BDB}"
EndProject
Project("{54435603-DBB4-11D2-8724-00A0C9A8B90C}") = "Auto-ITP-Setup", "..\Auto-ITP-Setup\Auto-ITP-Setup.vdproj", "{98BD7F5D-A7A9-4E3C-97E3-3B7740D10B68}"
EndProject
Global
	GlobalSection(SolutionConfigurationPlatforms) = preSolution
		Debug|Any CPU = Debug|Any CPU
		Release|Any CPU = Release|Any CPU
	EndGlobalSection
	GlobalSection(ProjectConfigurationPlatforms) = postSolution
		{39BF636D-EE00-41F9-9F66-15577A2A8BDB}.Debug|Any CPU.ActiveCfg = Debug|Any CPU
		{39BF636D-EE00-41F9-9F66-15577A2A8BDB}.Debug|Any CPU.Build.0 = Debug|Any CPU
		{39BF636D-EE00-41F9-9F66-15577A2A8BDB}.Release|Any CPU.ActiveCfg = Release|Any CPU
		{39BF636D-EE00-41F9-9F66-15577A2A8BDB}.Release|Any CPU.Build.0 = Release|Any CPU
		{98BD7F5D-A7A9-4E3C-97E3-3B7740D10B68}.Debug|Any CPU.ActiveCfg = Debug
		{98BD7F5D-A7A9-4E3C-97E3-3B7740D10B68}.Release|Any CPU.ActiveCfg = Release
	EndGlobalSection
	GlobalSection(SolutionProperties) = preSolution
		HideSolutionNode = FALSE
	EndGlobalSection
	GlobalSection(ExtensibilityGlobals) = postSolution
		SolutionGuid = {2F8F213E-28B9-427E-9AAE-F1F1FBF337C4}
	EndGlobalSection
EndGlobal
